
Microsoft Visual Studio Solution File, Format Version 12.00
# Visual Studio 15
VisualStudioVersion = 15.0.28307.421
MinimumVisualStudioVersion = 10.0.40219.1
Project("{9A19103F-16F7-4668-BE54-9A1E7A4F7556}") = "AspCoreBookApp", "AspCoreBookApp\AspCoreBookApp.csproj", "{BA410BC8-85B0-4B23-AEF8-5DBB6D5E9850}"
EndProject
Project("{9A19103F-16F7-4668-BE54-9A1E7A4F7556}") = "Domain.Core", "Domain.Core\Domain.Core.csproj", "{9E0FA23B-B719-4C83-883A-FA59FEA19B6F}"
EndProject
Project("{9A19103F-16F7-4668-BE54-9A1E7A4F7556}") = "Domain.Data", "Domain.Data\Domain.Data.csproj", "{8E8BC683-E0AE-4208-8C8D-23B8792200BC}"
EndProject
Project("{9A19103F-16F7-4668-BE54-9A1E7A4F7556}") = "Domain.DTO", "Domain.DTO\Domain.DTO.csproj", "{2E422CFF-3A6A-4511-9028-BAEF57626D5E}"
EndProject
Project("{9A19103F-16F7-4668-BE54-9A1E7A4F7556}") = "UnitTestProject1", "UnitTestProject1\UnitTestProject1.csproj", "{317E7A48-C552-46BC-BCE1-9944E31FE135}"
EndProject
Global
	GlobalSection(SolutionConfigurationPlatforms) = preSolution
		Debug|Any CPU = Debug|Any CPU
		Release|Any CPU = Release|Any CPU
	EndGlobalSection
	GlobalSection(ProjectConfigurationPlatforms) = postSolution
		{BA410BC8-85B0-4B23-AEF8-5DBB6D5E9850}.Debug|Any CPU.ActiveCfg = Debug|Any CPU
		{BA410BC8-85B0-4B23-AEF8-5DBB6D5E9850}.Debug|Any CPU.Build.0 = Debug|Any CPU
		{BA410BC8-85B0-4B23-AEF8-5DBB6D5E9850}.Release|Any CPU.ActiveCfg = Release|Any CPU
		{BA410BC8-85B0-4B23-AEF8-5DBB6D5E9850}.Release|Any CPU.Build.0 = Release|Any CPU
		{9E0FA23B-B719-4C83-883A-FA59FEA19B6F}.Debug|Any CPU.ActiveCfg = Debug|Any CPU
		{9E0FA23B-B719-4C83-883A-FA59FEA19B6F}.Debug|Any CPU.Build.0 = Debug|Any CPU
		{9E0FA23B-B719-4C83-883A-FA59FEA19B6F}.Release|Any CPU.ActiveCfg = Release|Any CPU
		{9E0FA23B-B719-4C83-883A-FA59FEA19B6F}.Release|Any CPU.Build.0 = Release|Any CPU
		{8E8BC683-E0AE-4208-8C8D-23B8792200BC}.Debug|Any CPU.ActiveCfg = Debug|Any CPU
		{8E8BC683-E0AE-4208-8C8D-23B8792200BC}.Debug|Any CPU.Build.0 = Debug|Any CPU
		{8E8BC683-E0AE-4208-8C8D-23B8792200BC}.Release|Any CPU.ActiveCfg = Release|Any CPU
		{8E8BC683-E0AE-4208-8C8D-23B8792200BC}.Release|Any CPU.Build.0 = Release|Any CPU
		{2E422CFF-3A6A-4511-9028-BAEF57626D5E}.Debug|Any CPU.ActiveCfg = Debug|Any CPU
		{2E422CFF-3A6A-4511-9028-BAEF57626D5E}.Debug|Any CPU.Build.0 = Debug|Any CPU
		{2E422CFF-3A6A-4511-9028-BAEF57626D5E}.Release|Any CPU.ActiveCfg = Release|Any CPU
		{2E422CFF-3A6A-4511-9028-BAEF57626D5E}.Release|Any CPU.Build.0 = Release|Any CPU
		{317E7A48-C552-46BC-BCE1-9944E31FE135}.Debug|Any CPU.ActiveCfg = Debug|Any CPU
		{317E7A48-C552-46BC-BCE1-9944E31FE135}.Debug|Any CPU.Build.0 = Debug|Any CPU
		{317E7A48-C552-46BC-BCE1-9944E31FE135}.Release|Any CPU.ActiveCfg = Release|Any CPU
		{317E7A48-C552-46BC-BCE1-9944E31FE135}.Release|Any CPU.Build.0 = Release|Any CPU
	EndGlobalSection
	GlobalSection(SolutionProperties) = preSolution
		HideSolutionNode = FALSE
	EndGlobalSection
	GlobalSection(ExtensibilityGlobals) = postSolution
		SolutionGuid = {F3F6061F-9241-4229-AFF2-486AF4050294}
	EndGlobalSection
EndGlobal
